github.com/ZeroMarker/cnid v0.0.2 h1:u7xpfVgOUdN1ptJxJl/kRgO/1fSp9jySplxXnxWtuyQ=
github.com/ZeroMarker/cnid v0.0.2/go.mod h1:RKn77IBvgRkV7bxnFmMLuBBpUFLoaFDJmN6rOhXFh04=
github.com/ZeroMarker/cnid v0.0.3 h1:ewXe4dhHOWaWpCHYdDXBZhhyJJyB63+Cyn69CCYHUms=
github.com/ZeroMarker/cnid v0.0.3/go.mod h1:RKn77IBvgRkV7bxnFmMLuBBpUFLoaFDJmN6rOhXFh04=
